
Microsoft Visual Studio Solution File, Format Version 12.00
# Visual Studio 15
VisualStudioVersion = 15.0.27130.2003
MinimumVisualStudioVersion = 10.0.40219.1
Project("{FAE04EC0-301F-11D3-BF4B-00C04F79EFBC}") = "Test222", "Test222\Test222.csproj", "{C6414AD8-8176-45E0-B3BA-79F2F505F9E3}"
EndProject
Global
	GlobalSection(SolutionConfigurationPlatforms) = preSolution
		Debug|Any CPU = Debug|Any CPU
		Release|Any CPU = Release|Any CPU
	EndGlobalSection
	GlobalSection(ProjectConfigurationPlatforms) = postSolution
		{C6414AD8-8176-45E0-B3BA-79F2F505F9E3}.Debug|Any CPU.ActiveCfg = Debug|Any CPU
		{C6414AD8-8176-45E0-B3BA-79F2F505F9E3}.Debug|Any CPU.Build.0 = Debug|Any CPU
		{C6414AD8-8176-45E0-B3BA-79F2F505F9E3}.Release|Any CPU.ActiveCfg = Release|Any CPU
		{C6414AD8-8176-45E0-B3BA-79F2F505F9E3}.Release|Any CPU.Build.0 = Release|Any CPU
	EndGlobalSection
	GlobalSection(SolutionProperties) = preSolution
		HideSolutionNode = FALSE
	EndGlobalSection
	GlobalSection(ExtensibilityGlobals) = postSolution
		SolutionGuid = {423F1714-5458-4E21-B9AE-12B22E99A828}
	EndGlobalSection
EndGlobal
